# This file is automatically @generated by Cargo.
# It is not intended for manual editing.
version = 4

[[package]]
name = "adler2"
version = "2.0.1"
source = "registry+https://github.com/rust-lang/crates.io-index"
checksum = "320119579fcad9c21884f5c4861d16174d0e06250625266f50fe6898340abefa"

[[package]]
name = "aho-corasick"
version = "1.1.4"
source = "registry+https://github.com/rust-lang/crates.io-index"
checksum = "ddd31a130427c27518df266943a5308ed92d4b226cc639f5a8f1002816174301"
dependencies = [
 "memchr",
]

[[package]]
name = "android_system_properties"
version = "0.1.5"
source = "registry+https://github.com/rust-lang/crates.io-index"
checksum = "819e7219dbd41043ac279b19830f2efc897156490d7fd6ea916720117ee66311"
dependencies = [
 "libc",
]

[[package]]
name = "anyhow"
version = "1.0.102"
source = "registry+https://github.com/rust-lang/crates.io-index"
checksum = "7f202df86484c868dbad7eaa557ef785d5c66295e41b460ef922eca0723b842c"

[[package]]
name = "arbitrary"
version = "1.4.2"
source = "registry+https://github.com/rust-lang/crates.io-index"
checksum = "c3d036a3c4ab069c7b410a2ce876bd74808d2d0888a82667669f8e783a898bf1"
dependencies = [
 "derive_arbitrary",
]

[[package]]
name = "arc-swap"
version = "1.9.1"
source = "registry+https://github.com/rust-lang/crates.io-index"
checksum = "6a3a1fd6f75306b68087b831f025c712524bcb19aad54e557b1129cfa0a2b207"
dependencies = [
 "rustversion",
]

[[package]]
name = "autocfg"
version = "1.5.1"
source = "registry+https://github.com/rust-lang/crates.io-index"
checksum = "f2032f911046de80f0a198e0901378627c33f59ea0ac00e363d481118bd70a53"

[[package]]
name = "base64"
version = "0.22.1"
source = "registry+https://github.com/rust-lang/crates.io-index"
checksum = "72b3254f16251a8381aa12e40e3c4d2f0199f8c6508fbecb9d91f575e0fbb8c6"

[[package]]
name = "bindgen"
version = "0.69.5"
source = "registry+https://github.com/rust-lang/crates.io-index"
checksum = "271383c67ccabffb7381723dea0672a673f292304fcb45c01cc648c7a8d58088"
dependencies = [
 "bitflags",
 "cexpr",
 "clang-sys",
 "itertools",
 "lazy_static",
 "lazycell",
 "proc-macro2",
 "quote",
 "regex",
 "rustc-hash",
 "shlex 1.3.0",
 "syn",
]

[[package]]
name = "bitflags"
version = "2.11.1"
source = "registry+https://github.com/rust-lang/crates.io-index"
checksum = "c4512299f36f043ab09a583e57bceb5a5aab7a73db1805848e8fef3c9e8c78b3"

[[package]]
name = "bs58"
version = "0.5.1"
source = "registry+https://github.com/rust-lang/crates.io-index"
checksum = "bf88ba1141d185c399bee5288d850d63b8369520c1eafc32a0430b5b6c287bf4"
dependencies = [
 "tinyvec",
]

[[package]]
name = "bumpalo"
version = "3.20.3"
source = "registry+https://github.com/rust-lang/crates.io-index"
checksum = "72f5acc6cb2ba439de613abc23857ec3d78374d8ed5ac84e9d11336e87da8649"

[[package]]
name = "bytemuck"
version = "1.25.0"
source = "registry+https://github.com/rust-lang/crates.io-index"
checksum = "c8efb64bd706a16a1bdde310ae86b351e4d21550d98d056f22f8a7f7a2183fec"

[[package]]
name = "byteorder-lite"
version = "0.1.0"
source = "registry+https://github.com/rust-lang/crates.io-index"
checksum = "8f1fe948ff07f4bd06c30984e69f5b4899c516a3ef74f34df92a2df2ab535495"

[[package]]
name = "cc"
version = "1.2.63"
source = "registry+https://github.com/rust-lang/crates.io-index"
checksum = "556e016178bb5662a08681bbe0f00f8e17631781a4dfc8c45e466e4b185ec27f"
dependencies = [
 "find-msvc-tools",
 "shlex 2.0.1",
]

[[package]]
name = "cexpr"
version = "0.6.0"
source = "registry+https://github.com/rust-lang/crates.io-index"
checksum = "6fac387a98bb7c37292057cffc56d62ecb629900026402633ae9160df93a8766"
dependencies = [
 "nom",
]

[[package]]
name = "cfg-if"
version = "1.0.4"
source = "registry+https://github.com/rust-lang/crates.io-index"
checksum = "9330f8b2ff13f34540b44e946ef35111825727b38d33286ef986142615121801"

[[package]]
name = "chrono"
version = "0.4.44"
source = "registry+https://github.com/rust-lang/crates.io-index"
checksum = "c673075a2e0e5f4a1dde27ce9dee1ea4558c7ffe648f576438a20ca1d2acc4b0"
dependencies = [
 "iana-time-zone",
 "num-traits",
 "serde",
 "windows-link 0.2.1",
]

[[package]]
name = "clang"
version = "2.0.0"
source = "registry+https://github.com/rust-lang/crates.io-index"
checksum = "84c044c781163c001b913cd018fc95a628c50d0d2dfea8bca77dad71edb16e37"
dependencies = [
 "clang-sys",
 "libc",
]

[[package]]
name = "clang-sys"
version = "1.8.1"
source = "registry+https://github.com/rust-lang/crates.io-index"
checksum = "0b023947811758c97c59bf9d1c188fd619ad4718dcaa767947df1cadb14f39f4"
dependencies = [
 "glob",
 "libc",
 "libloading",
]

[[package]]
name = "core-foundation-sys"
version = "0.8.7"
source = "registry+https://github.com/rust-lang/crates.io-index"
checksum = "773648b94d0e5d620f64f280777445740e61fe701025087ec8b57f45c791888b"

[[package]]
name = "crc32fast"
version = "1.5.0"
source = "registry+https://github.com/rust-lang/crates.io-index"
checksum = "9481c1c90cbf2ac953f07c8d4a58aa3945c425b7185c9154d67a65e4230da511"
dependencies = [
 "cfg-if",
]

[[package]]
name = "crossbeam-utils"
version = "0.8.21"
source = "registry+https://github.com/rust-lang/crates.io-index"
checksum = "d0a5c400df2834b80a4c3327b3aad3a4c4cd4de0629063962b03235697506a28"

[[package]]
name = "ctrl_macros"
version = "0.1.0"
source = "registry+https://github.com/rust-lang/crates.io-index"
checksum = "4a40233e3b46b0f67b829820fcf6d51336c395582b228f1d0f1056fc71d6d762"

[[package]]
name = "darling"
version = "0.23.0"
source = "registry+https://github.com/rust-lang/crates.io-index"
checksum = "25ae13da2f202d56bd7f91c25fba009e7717a1e4a1cc98a76d844b65ae912e9d"
dependencies = [
 "darling_core",
 "darling_macro",
]

[[package]]
name = "darling_core"
version = "0.23.0"
source = "registry+https://github.com/rust-lang/crates.io-index"
checksum = "9865a50f7c335f53564bb694ef660825eb8610e0a53d3e11bf1b0d3df31e03b0"
dependencies = [
 "ident_case",
 "proc-macro2",
 "quote",
 "strsim",
 "syn",
]

[[package]]
name = "darling_macro"
version = "0.23.0"
source = "registry+https://github.com/rust-lang/crates.io-index"
checksum = "ac3984ec7bd6cfa798e62b4a642426a5be0e68f9401cfc2a01e3fa9ea2fcdb8d"
dependencies = [
 "darling_core",
 "quote",
 "syn",
]

[[package]]
name = "deranged"
version = "0.5.8"
source = "registry+https://github.com/rust-lang/crates.io-index"
checksum = "7cd812cc2bc1d69d4764bd80df88b4317eaef9e773c75226407d9bc0876b211c"
dependencies = [
 "serde_core",
]

[[package]]
name = "derive_arbitrary"
version = "1.4.2"
source = "registry+https://github.com/rust-lang/crates.io-index"
checksum = "1e567bd82dcff979e4b03460c307b3cdc9e96fde3d73bed1496d2bc75d9dd62a"
dependencies = [
 "proc-macro2",
 "quote",
 "syn",
]

[[package]]
name = "derive_more"
version = "2.1.1"
source = "registry+https://github.com/rust-lang/crates.io-index"
checksum = "d751e9e49156b02b44f9c1815bcb94b984cdcc4396ecc32521c739452808b134"
dependencies = [
 "derive_more-impl",
]

[[package]]
name = "derive_more-impl"
version = "2.1.1"
source = "registry+https://github.com/rust-lang/crates.io-index"
checksum = "799a97264921d8623a957f6c3b9011f3b5492f557bbb7a5a19b7fa6d06ba8dcb"
dependencies = [
 "proc-macro2",
 "quote",
 "rustc_version",
 "syn",
 "unicode-xid",
]

[[package]]
name = "destructure_traitobject"
version = "0.2.0"
source = "registry+https://github.com/rust-lang/crates.io-index"
checksum = "3c877555693c14d2f84191cfd3ad8582790fc52b5e2274b40b59cf5f5cea25c7"

[[package]]
name = "displaydoc"
version = "0.2.6"
source = "registry+https://github.com/rust-lang/crates.io-index"
checksum = "1ac70aa55017e108007fbaf5aa0f54b021c98f92ff8af59d42eda9da96e3dd4f"
dependencies = [
 "proc-macro2",
 "quote",
 "syn",
]

[[package]]
name = "dyn-clone"
version = "1.0.20"
source = "registry+https://github.com/rust-lang/crates.io-index"
checksum = "d0881ea181b1df73ff77ffaaf9c7544ecc11e82fba9b5f27b262a3c73a332555"

[[package]]
name = "either"
version = "1.16.0"
source = "registry+https://github.com/rust-lang/crates.io-index"
checksum = "91622ff5e7162018101f2fea40d6ebf4a78bbe5a49736a2020649edf9693679e"

[[package]]
name = "equivalent"
version = "1.0.2"
source = "registry+https://github.com/rust-lang/crates.io-index"
checksum = "877a4ace8713b0bcf2a4e7eec82529c029f1d0619886d18145fea96c3ffe5c0f"

[[package]]
name = "fdeflate"
version = "0.3.7"
source = "registry+https://github.com/rust-lang/crates.io-index"
checksum = "1e6853b52649d4ac5c0bd02320cddc5ba956bdb407c4b75a2c6b75bf51500f8c"
dependencies = [
 "simd-adler32",
]

[[package]]
name = "find-msvc-tools"
version = "0.1.9"
source = "registry+https://github.com/rust-lang/crates.io-index"
checksum = "5baebc0774151f905a1a2cc41989300b1e6fbb29aff0ceffa1064fdd3088d582"

[[package]]
name = "flate2"
version = "1.1.9"
source = "registry+https://github.com/rust-lang/crates.io-index"
checksum = "843fba2746e448b37e26a819579957415c8cef339bf08564fe8b7ddbd959573c"
dependencies = [
 "crc32fast",
 "miniz_oxide",
]

[[package]]
name = "fnv"
version = "1.0.7"
source = "registry+https://github.com/rust-lang/crates.io-index"
checksum = "3f9eec918d3f24069decb9af1554cad7c880e2da24a9afd88aca000531ab82c1"

[[package]]
name = "futures-core"
version = "0.3.32"
source = "registry+https://github.com/rust-lang/crates.io-index"
checksum = "7e3450815272ef58cec6d564423f6e755e25379b217b0bc688e295ba24df6b1d"

[[package]]
name = "futures-task"
version = "0.3.32"
source = "registry+https://github.com/rust-lang/crates.io-index"
checksum = "037711b3d59c33004d3856fbdc83b99d4ff37a24768fa1be9ce3538a1cde4393"

[[package]]
name = "futures-util"
version = "0.3.32"
source = "registry+https://github.com/rust-lang/crates.io-index"
checksum = "389ca41296e6190b48053de0321d02a77f32f8a5d2461dd38762c0593805c6d6"
dependencies = [
 "futures-core",
 "futures-task",
 "pin-project-lite",
 "slab",
]

[[package]]
name = "getrandom"
version = "0.3.4"
source = "registry+https://github.com/rust-lang/crates.io-index"
checksum = "899def5c37c4fd7b2664648c28120ecec138e4d395b459e5ca34f9cce2dd77fd"
dependencies = [
 "cfg-if",
 "libc",
 "r-efi",
 "wasip2",
]

[[package]]
name = "glob"
version = "0.3.3"
source = "registry+https://github.com/rust-lang/crates.io-index"
checksum = "0cc23270f6e1808e30a928bdc84dea0b9b4136a8bc82338574f23baf47bbd280"

[[package]]
name = "hashbrown"
version = "0.12.3"
source = "registry+https://github.com/rust-lang/crates.io-index"
checksum = "8a9ee70c43aaf417c914396645a0fa852624801b24ebb7ae78fe8272889ac888"

[[package]]
name = "hashbrown"
version = "0.17.1"
source = "registry+https://github.com/rust-lang/crates.io-index"
checksum = "ed5909b6e89a2db4456e54cd5f673791d7eca6732202bbf2a9cc504fe2f9b84a"

[[package]]
name = "heck"
version = "0.4.1"
source = "registry+https://github.com/rust-lang/crates.io-index"
checksum = "95505c38b4572b2d910cecb0281560f54b440a19336cbbcb27bf6ce6adc6f5a8"

[[package]]
name = "hex"
version = "0.4.3"
source = "registry+https://github.com/rust-lang/crates.io-index"
checksum = "7f24254aa9a54b5c858eaee2f5bccdb46aaf0e486a595ed5fd8f86ba55232a70"

[[package]]
name = "humantime"
version = "2.3.0"
source = "registry+https://github.com/rust-lang/crates.io-index"
checksum = "135b12329e5e3ce057a9f972339ea52bc954fe1e9358ef27f95e89716fbc5424"

[[package]]
name = "iana-time-zone"
version = "0.1.65"
source = "registry+https://github.com/rust-lang/crates.io-index"
checksum = "e31bc9ad994ba00e440a8aa5c9ef0ec67d5cb5e5cb0cc7f8b744a35b389cc470"
dependencies = [
 "android_system_properties",
 "core-foundation-sys",
 "iana-time-zone-haiku",
 "js-sys",
 "log",
 "wasm-bindgen",
 "windows-core 0.62.2",
]

[[package]]
name = "iana-time-zone-haiku"
version = "0.1.2"
source = "registry+https://github.com/rust-lang/crates.io-index"
checksum = "f31827a206f56af32e590ba56d5d2d085f558508192593743f16b2306495269f"
dependencies = [
 "cc",
]

[[package]]
name = "ident_case"
version = "1.0.1"
source = "registry+https://github.com/rust-lang/crates.io-index"
checksum = "b9e0384b61958566e926dc50660321d12159025e767c18e043daf26b70104c39"

[[package]]
name = "image"
version = "0.25.10"
source = "registry+https://github.com/rust-lang/crates.io-index"
checksum = "85ab80394333c02fe689eaf900ab500fbd0c2213da414687ebf995a65d5a6104"
dependencies = [
 "bytemuck",
 "byteorder-lite",
 "moxcms",
 "num-traits",
 "png",
 "zune-core",
 "zune-jpeg",
]

[[package]]
name = "indexmap"
version = "1.9.3"
source = "registry+https://github.com/rust-lang/crates.io-index"
checksum = "bd070e393353796e801d209ad339e89596eb4c8d430d18ede6a1cced8fafbd99"
dependencies = [
 "autocfg",
 "hashbrown 0.12.3",
 "serde",
]

[[package]]
name = "indexmap"
version = "2.14.0"
source = "registry+https://github.com/rust-lang/crates.io-index"
checksum = "d466e9454f08e4a911e14806c24e16fba1b4c121d1ea474396f396069cf949d9"
dependencies = [
 "equivalent",
 "hashbrown 0.17.1",
 "serde",
 "serde_core",
]

[[package]]
name = "inventory"
version = "0.3.24"
source = "registry+https://github.com/rust-lang/crates.io-index"
checksum = "a4f0c30c76f2f4ccee3fe55a2435f691ca00c0e4bd87abe4f4a851b1d4dac39b"
dependencies = [
 "rustversion",
]

[[package]]
name = "itertools"
version = "0.12.1"
source = "registry+https://github.com/rust-lang/crates.io-index"
checksum = "ba291022dbbd398a455acf126c1e341954079855bc60dfdda641363bd6922569"
dependencies = [
 "either",
]

[[package]]
name = "itoa"
version = "1.0.18"
source = "registry+https://github.com/rust-lang/crates.io-index"
checksum = "8f42a60cbdf9a97f5d2305f08a87dc4e09308d1276d28c869c684d7777685682"

[[package]]
name = "js-sys"
version = "0.3.99"
source = "registry+https://github.com/rust-lang/crates.io-index"
checksum = "142bc4740e452c1e57ade0cbc129f139c9093e354346f0872ef985f4f5cf5f11"
dependencies = [
 "cfg-if",
 "futures-util",
 "once_cell",
 "wasm-bindgen",
]

[[package]]
name = "lazy_static"
version = "1.5.0"
source = "registry+https://github.com/rust-lang/crates.io-index"
checksum = "bbd2bcb4c963f2ddae06a2efc7e9f3591312473c50c6685e1f298068316e66fe"

[[package]]
name = "lazycell"
version = "1.3.0"
source = "registry+https://github.com/rust-lang/crates.io-index"
checksum = "830d08ce1d1d941e6b30645f1a0eb5643013d835ce3779a5fc208261dbe10f55"

[[package]]
name = "libc"
version = "0.2.186"
source = "registry+https://github.com/rust-lang/crates.io-index"
checksum = "68ab91017fe16c622486840e4c83c9a37afeff978bd239b5293d61ece587de66"

[[package]]
name = "libloading"
version = "0.8.9"
source = "registry+https://github.com/rust-lang/crates.io-index"
checksum = "d7c4b02199fee7c5d21a5ae7d8cfa79a6ef5bb2fc834d6e9058e89c825efdc55"
dependencies = [
 "cfg-if",
 "windows-link 0.2.1",
]

[[package]]
name = "lock_api"
version = "0.4.14"
source = "registry+https://github.com/rust-lang/crates.io-index"
checksum = "224399e74b87b5f3557511d98dff8b14089b3dadafcab6bb93eab67d3aace965"
dependencies = [
 "scopeguard",
]

[[package]]
name = "log"
version = "0.4.30"
source = "registry+https://github.com/rust-lang/crates.io-index"
checksum = "616ec5685824bcc94416c6d4a7a446eea774a31efd7062c8480ba6fd06d7a6e5"
dependencies = [
 "serde_core",
]

[[package]]
name = "log-mdc"
version = "0.1.0"
source = "registry+https://github.com/rust-lang/crates.io-index"
checksum = "a94d21414c1f4a51209ad204c1776a3d0765002c76c6abcb602a6f09f1e881c7"

[[package]]
name = "log4rs"
version = "1.4.0"
source = "registry+https://github.com/rust-lang/crates.io-index"
checksum = "3e947bb896e702c711fccc2bf02ab2abb6072910693818d1d6b07ee2b9dfd86c"
dependencies = [
 "anyhow",
 "arc-swap",
 "chrono",
 "derive_more",
 "fnv",
 "humantime",
 "libc",
 "log",
 "log-mdc",
 "mock_instant",
 "parking_lot",
 "rand",
 "serde",
 "serde-value",
 "serde_json",
 "serde_yaml",
 "thiserror",
 "thread-id",
 "typemap-ors",
 "unicode-segmentation",
 "winapi",
]

[[package]]
name = "memchr"
version = "2.8.1"
source = "registry+https://github.com/rust-lang/crates.io-index"
checksum = "6b947ae49db0d222b1dbc6b113ce7248a3fc3a6ca21b696717bfc000ba4484d8"

[[package]]
name = "minimal-lexical"
version = "0.2.1"
source = "registry+https://github.com/rust-lang/crates.io-index"
checksum = "68354c5c6bd36d73ff3feceb05efa59b6acb7626617f4962be322a825e61f79a"

[[package]]
name = "miniz_oxide"
version = "0.8.9"
source = "registry+https://github.com/rust-lang/crates.io-index"
checksum = "1fa76a2c86f704bdb222d66965fb3d63269ce38518b83cb0575fca855ebb6316"
dependencies = [
 "adler2",
 "simd-adler32",
]

[[package]]
name = "mock_instant"
version = "0.6.0"
source = "registry+https://github.com/rust-lang/crates.io-index"
checksum = "dce6dd36094cac388f119d2e9dc82dc730ef91c32a6222170d630e5414b956e6"

[[package]]
name = "moxcms"
version = "0.8.1"
source = "registry+https://github.com/rust-lang/crates.io-index"
checksum = "bb85c154ba489f01b25c0d36ae69a87e4a1c73a72631fc6c0eb6dde34a73e44b"
dependencies = [
 "num-traits",
 "pxfm",
]

[[package]]
name = "nom"
version = "7.1.3"
source = "registry+https://github.com/rust-lang/crates.io-index"
checksum = "d273983c5a657a70a3e8f2a01329822f3b8c8172b73826411a55751e404a0a4a"
dependencies = [
 "memchr",
 "minimal-lexical",
]

[[package]]
name = "ntapi"
version = "0.4.3"
source = "registry+https://github.com/rust-lang/crates.io-index"
checksum = "c3b335231dfd352ffb0f8017f3b6027a4917f7df785ea2143d8af2adc66980ae"
dependencies = [
 "winapi",
]

[[package]]
name = "num-conv"
version = "0.2.2"
source = "registry+https://github.com/rust-lang/crates.io-index"
checksum = "521739c6d2bac4aa25192232afe6841231376b2b26d4d9fae5ecf8ca5772e441"

[[package]]
name = "num-traits"
version = "0.2.19"
source = "registry+https://github.com/rust-lang/crates.io-index"
checksum = "071dfc062690e90b734c0b2273ce72ad0ffa95f0c74596bc250dcfd960262841"
dependencies = [
 "autocfg",
]

[[package]]
name = "objc2-core-foundation"
version = "0.3.2"
source = "registry+https://github.com/rust-lang/crates.io-index"
checksum = "2a180dd8642fa45cdb7dd721cd4c11b1cadd4929ce112ebd8b9f5803cc79d536"
dependencies = [
 "bitflags",
]

[[package]]
name = "objc2-io-kit"
version = "0.3.2"
source = "registry+https://github.com/rust-lang/crates.io-index"
checksum = "33fafba39597d6dc1fb709123dfa8289d39406734be322956a69f0931c73bb15"
dependencies = [
 "libc",
 "objc2-core-foundation",
]

[[package]]
name = "once_cell"
version = "1.21.4"
source = "registry+https://github.com/rust-lang/crates.io-index"
checksum = "9f7c3e4beb33f85d45ae3e3a1792185706c8e16d043238c593331cc7cd313b50"

[[package]]
name = "ordered-float"
version = "2.10.1"
source = "registry+https://github.com/rust-lang/crates.io-index"
checksum = "68f19d67e5a2795c94e73e0bb1cc1a7edeb2e28efd39e2e1c9b7a40c1108b11c"
dependencies = [
 "num-traits",
]

[[package]]
name = "parking_lot"
version = "0.12.5"
source = "registry+https://github.com/rust-lang/crates.io-index"
checksum = "93857453250e3077bd71ff98b6a65ea6621a19bb0f559a85248955ac12c45a1a"
dependencies = [
 "lock_api",
 "parking_lot_core",
]

[[package]]
name = "parking_lot_core"
version = "0.9.12"
source = "registry+https://github.com/rust-lang/crates.io-index"
checksum = "2621685985a2ebf1c516881c026032ac7deafcda1a2c9b7850dc81e3dfcb64c1"
dependencies = [
 "cfg-if",
 "libc",
 "redox_syscall",
 "smallvec",
 "windows-link 0.2.1",
]

[[package]]
name = "pin-project-lite"
version = "0.2.17"
source = "registry+https://github.com/rust-lang/crates.io-index"
checksum = "a89322df9ebe1c1578d689c92318e070967d1042b512afbe49518723f4e6d5cd"

[[package]]
name = "png"
version = "0.18.1"
source = "registry+https://github.com/rust-lang/crates.io-index"
checksum = "60769b8b31b2a9f263dae2776c37b1b28ae246943cf719eb6946a1db05128a61"
dependencies = [
 "bitflags",
 "crc32fast",
 "fdeflate",
 "flate2",
 "miniz_oxide",
]

[[package]]
name = "powerfmt"
version = "0.2.0"
source = "registry+https://github.com/rust-lang/crates.io-index"
checksum = "439ee305def115ba05938db6eb1644ff94165c5ab5e9420d1c1bcedbba909391"

[[package]]
name = "ppv-lite86"
version = "0.2.21"
source = "registry+https://github.com/rust-lang/crates.io-index"
checksum = "85eae3c4ed2f50dcfe72643da4befc30deadb458a9b590d720cde2f2b1e97da9"
dependencies = [
 "zerocopy",
]

[[package]]
name = "proc-macro2"
version = "1.0.106"
source = "registry+https://github.com/rust-lang/crates.io-index"
checksum = "8fd00f0bb2e90d81d1044c2b32617f68fcb9fa3bb7640c23e9c748e53fb30934"
dependencies = [
 "unicode-ident",
]

[[package]]
name = "pxfm"
version = "0.1.29"
source = "registry+https://github.com/rust-lang/crates.io-index"
checksum = "e0c5ccf5294c6ccd63a74f1565028353830a9c2f5eb0c682c355c471726a6e3f"

[[package]]
name = "quote"
version = "1.0.45"
source = "registry+https://github.com/rust-lang/crates.io-index"
checksum = "41f2619966050689382d2b44f664f4bc593e129785a36d6ee376ddf37259b924"
dependencies = [
 "proc-macro2",
]

[[package]]
name = "r-efi"
version = "5.3.0"
source = "registry+https://github.com/rust-lang/crates.io-index"
checksum = "69cdb34c158ceb288df11e18b4bd39de994f6657d83847bdffdbd7f346754b0f"

[[package]]
name = "rand"
version = "0.9.4"
source = "registry+https://github.com/rust-lang/crates.io-index"
checksum = "44c5af06bb1b7d3216d91932aed5265164bf384dc89cd6ba05cf59a35f5f76ea"
dependencies = [
 "rand_chacha",
 "rand_core",
]

[[package]]
name = "rand_chacha"
version = "0.9.0"
source = "registry+https://github.com/rust-lang/crates.io-index"
checksum = "d3022b5f1df60f26e1ffddd6c66e8aa15de382ae63b3a0c1bfc0e4d3e3f325cb"
dependencies = [
 "ppv-lite86",
 "rand_core",
]

[[package]]
name = "rand_core"
version = "0.9.5"
source = "registry+https://github.com/rust-lang/crates.io-index"
checksum = "76afc826de14238e6e8c374ddcc1fa19e374fd8dd986b0d2af0d02377261d83c"
dependencies = [
 "getrandom",
]

[[package]]
name = "redox_syscall"
version = "0.5.18"
source = "registry+https://github.com/rust-lang/crates.io-index"
checksum = "ed2bf2547551a7053d6fdfafda3f938979645c44812fbfcda098faae3f1a362d"
dependencies = [
 "bitflags",
]

[[package]]
name = "ref-cast"
version = "1.0.25"
source = "registry+https://github.com/rust-lang/crates.io-index"
checksum = "f354300ae66f76f1c85c5f84693f0ce81d747e2c3f21a45fef496d89c960bf7d"
dependencies = [
 "ref-cast-impl",
]

[[package]]
name = "ref-cast-impl"
version = "1.0.25"
source = "registry+https://github.com/rust-lang/crates.io-index"
checksum = "b7186006dcb21920990093f30e3dea63b7d6e977bf1256be20c3563a5db070da"
dependencies = [
 "proc-macro2",
 "quote",
 "syn",
]

[[package]]
name = "regex"
version = "1.12.3"
source = "registry+https://github.com/rust-lang/crates.io-index"
checksum = "e10754a14b9137dd7b1e3e5b0493cc9171fdd105e0ab477f51b72e7f3ac0e276"
dependencies = [
 "aho-corasick",
 "memchr",
 "regex-automata",
 "regex-syntax",
]

[[package]]
name = "regex-automata"
version = "0.4.14"
source = "registry+https://github.com/rust-lang/crates.io-index"
checksum = "6e1dd4122fc1595e8162618945476892eefca7b88c52820e74af6262213cae8f"
dependencies = [
 "aho-corasick",
 "memchr",
 "regex-syntax",
]

[[package]]
name = "regex-syntax"
version = "0.8.10"
source = "registry+https://github.com/rust-lang/crates.io-index"
checksum = "dc897dd8d9e8bd1ed8cdad82b5966c3e0ecae09fb1907d58efaa013543185d0a"

[[package]]
name = "rust_plugin"
version = "0.1.0"
dependencies = [
 "anyhow",
 "chrono",
 "ctrl_macros",
 "image",
 "inventory",
 "log",
 "log4rs",
 "serde",
 "serde_json",
 "serde_with",
 "serde_yaml",
 "spring-native",
 "sysinfo",
 "thiserror",
 "zip",
]

[[package]]
name = "rustc-hash"
version = "1.1.0"
source = "registry+https://github.com/rust-lang/crates.io-index"
checksum = "08d43f7aa6b08d49f382cde6a7982047c3426db949b1424bc4b7ec9ae12c6ce2"

[[package]]
name = "rustc_version"
version = "0.4.1"
source = "registry+https://github.com/rust-lang/crates.io-index"
checksum = "cfcb3a22ef46e85b45de6ee7e79d063319ebb6594faafcf1c225ea92ab6e9b92"
dependencies = [
 "semver",
]

[[package]]
name = "rustversion"
version = "1.0.22"
source = "registry+https://github.com/rust-lang/crates.io-index"
checksum = "b39cdef0fa800fc44525c84ccb54a029961a8215f9619753635a9c0d2538d46d"

[[package]]
name = "ryu"
version = "1.0.23"
source = "registry+https://github.com/rust-lang/crates.io-index"
checksum = "9774ba4a74de5f7b1c1451ed6cd5285a32eddb5cccb8cc655a4e50009e06477f"

[[package]]
name = "schemars"
version = "0.9.0"
source = "registry+https://github.com/rust-lang/crates.io-index"
checksum = "4cd191f9397d57d581cddd31014772520aa448f65ef991055d7f61582c65165f"
dependencies = [
 "dyn-clone",
 "ref-cast",
 "serde",
 "serde_json",
]

[[package]]
name = "schemars"
version = "1.2.1"
source = "registry+https://github.com/rust-lang/crates.io-index"
checksum = "a2b42f36aa1cd011945615b92222f6bf73c599a102a300334cd7f8dbeec726cc"
dependencies = [
 "dyn-clone",
 "ref-cast",
 "serde",
 "serde_json",
]

[[package]]
name = "scopeguard"
version = "1.2.0"
source = "registry+https://github.com/rust-lang/crates.io-index"
checksum = "94143f37725109f92c262ed2cf5e59bce7498c01bcc1502d7b9afe439a4e9f49"

[[package]]
name = "semver"
version = "1.0.28"
source = "registry+https://github.com/rust-lang/crates.io-index"
checksum = "8a7852d02fc848982e0c167ef163aaff9cd91dc640ba85e263cb1ce46fae51cd"

[[package]]
name = "serde"
version = "1.0.228"
source = "registry+https://github.com/rust-lang/crates.io-index"
checksum = "9a8e94ea7f378bd32cbbd37198a4a91436180c5bb472411e48b5ec2e2124ae9e"
dependencies = [
 "serde_core",
 "serde_derive",
]

[[package]]
name = "serde-value"
version = "0.7.0"
source = "registry+https://github.com/rust-lang/crates.io-index"
checksum = "f3a1a3341211875ef120e117ea7fd5228530ae7e7036a779fdc9117be6b3282c"
dependencies = [
 "ordered-float",
 "serde",
]

[[package]]
name = "serde_core"
version = "1.0.228"
source = "registry+https://github.com/rust-lang/crates.io-index"
checksum = "41d385c7d4ca58e59fc732af25c3983b67ac852c1a25000afe1175de458b67ad"
dependencies = [
 "serde_derive",
]

[[package]]
name = "serde_derive"
version = "1.0.228"
source = "registry+https://github.com/rust-lang/crates.io-index"
checksum = "d540f220d3187173da220f885ab66608367b6574e925011a9353e4badda91d79"
dependencies = [
 "proc-macro2",
 "quote",
 "syn",
]

[[package]]
name = "serde_json"
version = "1.0.150"
source = "registry+https://github.com/rust-lang/crates.io-index"
checksum = "e8014e44b4736ed0538adeecded0fce2a272f22dc9578a7eb6b2d9993c74cfb9"
dependencies = [
 "itoa",
 "memchr",
 "serde",
 "serde_core",
 "zmij",
]

[[package]]
name = "serde_with"
version = "3.21.0"
source = "registry+https://github.com/rust-lang/crates.io-index"
checksum = "76a5c54c7310e7b8b9577c286d7e399ddd876c3e12b3ed917a8aabc4b96e9e8c"
dependencies = [
 "base64",
 "bs58",
 "chrono",
 "hex",
 "indexmap 1.9.3",
 "indexmap 2.14.0",
 "schemars 0.9.0",
 "schemars 1.2.1",
 "serde_core",
 "serde_json",
 "serde_with_macros",
 "time",
]

[[package]]
name = "serde_with_macros"
version = "3.21.0"
source = "registry+https://github.com/rust-lang/crates.io-index"
checksum = "84d57bc0c8b9a17920c178daa6bb924850d54a9c97ab45194bb8c17ad66bb660"
dependencies = [
 "darling",
 "proc-macro2",
 "quote",
 "syn",
]

[[package]]
name = "serde_yaml"
version = "0.9.34+deprecated"
source = "registry+https://github.com/rust-lang/crates.io-index"
checksum = "6a8b1a1a2ebf674015cc02edccce75287f1a0130d394307b36743c2f5d504b47"
dependencies = [
 "indexmap 2.14.0",
 "itoa",
 "ryu",
 "serde",
 "unsafe-libyaml",
]

[[package]]
name = "shlex"
version = "1.3.0"
source = "registry+https://github.com/rust-lang/crates.io-index"
checksum = "0fda2ff0d084019ba4d7c6f371c95d8fd75ce3524c3cb8fb653a3023f6323e64"

[[package]]
name = "shlex"
version = "2.0.1"
source = "registry+https://github.com/rust-lang/crates.io-index"
checksum = "f8fadd59c855ef2080decdef8ff161eb6661b86933c9d82e5ba29dc602a55aba"

[[package]]
name = "simd-adler32"
version = "0.3.9"
source = "registry+https://github.com/rust-lang/crates.io-index"
checksum = "703d5c7ef118737c72f1af64ad2f6f8c5e1921f818cdcb97b8fe6fc69bf66214"

[[package]]
name = "slab"
version = "0.4.12"
source = "registry+https://github.com/rust-lang/crates.io-index"
checksum = "0c790de23124f9ab44544d7ac05d60440adc586479ce501c1d6d7da3cd8c9cf5"

[[package]]
name = "smallvec"
version = "1.15.1"
source = "registry+https://github.com/rust-lang/crates.io-index"
checksum = "67b1b7a3b5fe4f1376887184045fcf45c69e92af734b7aaddc05fb777b6fbd03"

[[package]]
name = "spring-native"
version = "0.1.0"
dependencies = [
 "spring-native-codegen",
 "spring-native-sys",
]

[[package]]
name = "spring-native-codegen"
version = "0.1.0"
dependencies = [
 "anyhow",
 "clang",
 "heck",
 "regex",
]

[[package]]
name = "spring-native-sys"
version = "0.1.0"
dependencies = [
 "bindgen",
 "libc",
]

[[package]]
name = "strsim"
version = "0.11.1"
source = "registry+https://github.com/rust-lang/crates.io-index"
checksum = "7da8b5736845d9f2fcb837ea5d9e2628564b3b043a70948a3f0b778838c5fb4f"

[[package]]
name = "syn"
version = "2.0.117"
source = "registry+https://github.com/rust-lang/crates.io-index"
checksum = "e665b8803e7b1d2a727f4023456bbbbe74da67099c585258af0ad9c5013b9b99"
dependencies = [
 "proc-macro2",
 "quote",
 "unicode-ident",
]

[[package]]
name = "sysinfo"
version = "0.37.2"
source = "registry+https://github.com/rust-lang/crates.io-index"
checksum = "16607d5caffd1c07ce073528f9ed972d88db15dd44023fa57142963be3feb11f"
dependencies = [
 "libc",
 "memchr",
 "ntapi",
 "objc2-core-foundation",
 "objc2-io-kit",
 "windows",
]

[[package]]
name = "thiserror"
version = "2.0.18"
source = "registry+https://github.com/rust-lang/crates.io-index"
checksum = "4288b5bcbc7920c07a1149a35cf9590a2aa808e0bc1eafaade0b80947865fbc4"
dependencies = [
 "thiserror-impl",
]

[[package]]
name = "thiserror-impl"
version = "2.0.18"
source = "registry+https://github.com/rust-lang/crates.io-index"
checksum = "ebc4ee7f67670e9b64d05fa4253e753e016c6c95ff35b89b7941d6b856dec1d5"
dependencies = [
 "proc-macro2",
 "quote",
 "syn",
]

[[package]]
name = "thread-id"
version = "5.1.0"
source = "registry+https://github.com/rust-lang/crates.io-index"
checksum = "2010d27add3f3240c1fef7959f46c814487b216baee662af53be645ba7831c07"
dependencies = [
 "libc",
 "windows-sys",
]

[[package]]
name = "time"
version = "0.3.51"
source = "registry+https://github.com/rust-lang/crates.io-index"
checksum = "85c17d80feb7334b40c484e45ed1a5273dfd8bfda537c3be2e74a06a6686f327"
dependencies = [
 "deranged",
 "num-conv",
 "powerfmt",
 "serde_core",
 "time-core",
 "time-macros",
]

[[package]]
name = "time-core"
version = "0.1.9"
source = "registry+https://github.com/rust-lang/crates.io-index"
checksum = "9e1c906769ad99c88eaa54e728060edef082f8e358ff32030cb7c7d315e81109"

[[package]]
name = "time-macros"
version = "0.2.30"
source = "registry+https://github.com/rust-lang/crates.io-index"
checksum = "dcef1a61bdb119096e153208ec5cbec23944ce8bca13be5c7f60c634f7403935"
dependencies = [
 "num-conv",
 "time-core",
]

[[package]]
name = "tinyvec"
version = "1.11.0"
source = "registry+https://github.com/rust-lang/crates.io-index"
checksum = "3e61e67053d25a4e82c844e8424039d9745781b3fc4f32b8d55ed50f5f667ef3"
dependencies = [
 "tinyvec_macros",
]

[[package]]
name = "tinyvec_macros"
version = "0.1.1"
source = "registry+https://github.com/rust-lang/crates.io-index"
checksum = "1f3ccbac311fea05f86f61904b462b55fb3df8837a366dfc601a0161d0532f20"

[[package]]
name = "typemap-ors"
version = "1.0.0"
source = "registry+https://github.com/rust-lang/crates.io-index"
checksum = "a68c24b707f02dd18f1e4ccceb9d49f2058c2fb86384ef9972592904d7a28867"
dependencies = [
 "unsafe-any-ors",
]

[[package]]
name = "unicode-ident"
version = "1.0.24"
source = "registry+https://github.com/rust-lang/crates.io-index"
checksum = "e6e4313cd5fcd3dad5cafa179702e2b244f760991f45397d14d4ebf38247da75"

[[package]]
name = "unicode-segmentation"
version = "1.13.2"
source = "registry+https://github.com/rust-lang/crates.io-index"
checksum = "9629274872b2bfaf8d66f5f15725007f635594914870f65218920345aa11aa8c"

[[package]]
name = "unicode-xid"
version = "0.2.6"
source = "registry+https://github.com/rust-lang/crates.io-index"
checksum = "ebc1c04c71510c7f702b52b7c350734c9ff1295c464a03335b00bb84fc54f853"

[[package]]
name = "unsafe-any-ors"
version = "1.0.0"
source = "registry+https://github.com/rust-lang/crates.io-index"
checksum = "e0a303d30665362d9680d7d91d78b23f5f899504d4f08b3c4cf08d055d87c0ad"
dependencies = [
 "destructure_traitobject",
]

[[package]]
name = "unsafe-libyaml"
version = "0.2.11"
source = "registry+https://github.com/rust-lang/crates.io-index"
checksum = "673aac59facbab8a9007c7f6108d11f63b603f7cabff99fabf650fea5c32b861"

[[package]]
name = "wasip2"
version = "1.0.3+wasi-0.2.9"
source = "registry+https://github.com/rust-lang/crates.io-index"
checksum = "20064672db26d7cdc89c7798c48a0fdfac8213434a1186e5ef29fd560ae223d6"
dependencies = [
 "wit-bindgen",
]

[[package]]
name = "wasm-bindgen"
version = "0.2.122"
source = "registry+https://github.com/rust-lang/crates.io-index"
checksum = "3ed04576f974d2b2fba0f38c51dbc5518011e38c36bf1143164be765528fd409"
dependencies = [
 "cfg-if",
 "once_cell",
 "rustversion",
 "wasm-bindgen-macro",
 "wasm-bindgen-shared",
]

[[package]]
name = "wasm-bindgen-macro"
version = "0.2.122"
source = "registry+https://github.com/rust-lang/crates.io-index"
checksum = "916151b09da36bd82f6615cbf3a419e2f0ba23a03c6160e8e92eb6bd4aa1dec6"
dependencies = [
 "quote",
 "wasm-bindgen-macro-support",
]

[[package]]
name = "wasm-bindgen-macro-support"
version = "0.2.122"
source = "registry+https://github.com/rust-lang/crates.io-index"
checksum = "299047362ccbfce148b67ab7e73349f77748e00c8296f9542adfad2ad82c5c5e"
dependencies = [
 "bumpalo",
 "proc-macro2",
 "quote",
 "syn",
 "wasm-bindgen-shared",
]

[[package]]
name = "wasm-bindgen-shared"
version = "0.2.122"
source = "registry+https://github.com/rust-lang/crates.io-index"
checksum = "9a929b2c61f11ba3e9bc35b50c1f25cb38e0e892c0c231ae2b8cf78d5dad4437"
dependencies = [
 "unicode-ident",
]

[[package]]
name = "winapi"
version = "0.3.9"
source = "registry+https://github.com/rust-lang/crates.io-index"
checksum = "5c839a674fcd7a98952e593242ea400abe93992746761e38641405d28b00f419"
dependencies = [
 "winapi-i686-pc-windows-gnu",
 "winapi-x86_64-pc-windows-gnu",
]

[[package]]
name = "winapi-i686-pc-windows-gnu"
version = "0.4.0"
source = "registry+https://github.com/rust-lang/crates.io-index"
checksum = "ac3b87c63620426dd9b991e5ce0329eff545bccbbb34f3be09ff6fb6ab51b7b6"

[[package]]
name = "winapi-x86_64-pc-windows-gnu"
version = "0.4.0"
source = "registry+https://github.com/rust-lang/crates.io-index"
checksum = "712e227841d057c1ee1cd2fb22fa7e5a5461ae8e48fa2ca79ec42cfc1931183f"

[[package]]
name = "windows"
version = "0.61.3"
source = "registry+https://github.com/rust-lang/crates.io-index"
checksum = "9babd3a767a4c1aef6900409f85f5d53ce2544ccdfaa86dad48c91782c6d6893"
dependencies = [
 "windows-collections",
 "windows-core 0.61.2",
 "windows-future",
 "windows-link 0.1.3",
 "windows-numerics",
]

[[package]]
name = "windows-collections"
version = "0.2.0"
source = "registry+https://github.com/rust-lang/crates.io-index"
checksum = "3beeceb5e5cfd9eb1d76b381630e82c4241ccd0d27f1a39ed41b2760b255c5e8"
dependencies = [
 "windows-core 0.61.2",
]

[[package]]
name = "windows-core"
version = "0.61.2"
source = "registry+https://github.com/rust-lang/crates.io-index"
checksum = "c0fdd3ddb90610c7638aa2b3a3ab2904fb9e5cdbecc643ddb3647212781c4ae3"
dependencies = [
 "windows-implement",
 "windows-interface",
 "windows-link 0.1.3",
 "windows-result 0.3.4",
 "windows-strings 0.4.2",
]

[[package]]
name = "windows-core"
version = "0.62.2"
source = "registry+https://github.com/rust-lang/crates.io-index"
checksum = "b8e83a14d34d0623b51dce9581199302a221863196a1dde71a7663a4c2be9deb"
dependencies = [
 "windows-implement",
 "windows-interface",
 "windows-link 0.2.1",
 "windows-result 0.4.1",
 "windows-strings 0.5.1",
]

[[package]]
name = "windows-future"
version = "0.2.1"
source = "registry+https://github.com/rust-lang/crates.io-index"
checksum = "fc6a41e98427b19fe4b73c550f060b59fa592d7d686537eebf9385621bfbad8e"
dependencies = [
 "windows-core 0.61.2",
 "windows-link 0.1.3",
 "windows-threading",
]

[[package]]
name = "windows-implement"
version = "0.60.2"
source = "registry+https://github.com/rust-lang/crates.io-index"
checksum = "053e2e040ab57b9dc951b72c264860db7eb3b0200ba345b4e4c3b14f67855ddf"
dependencies = [
 "proc-macro2",
 "quote",
 "syn",
]

[[package]]
name = "windows-interface"
version = "0.59.3"
source = "registry+https://github.com/rust-lang/crates.io-index"
checksum = "3f316c4a2570ba26bbec722032c4099d8c8bc095efccdc15688708623367e358"
dependencies = [
 "proc-macro2",
 "quote",
 "syn",
]

[[package]]
name = "windows-link"
version = "0.1.3"
source = "registry+https://github.com/rust-lang/crates.io-index"
checksum = "5e6ad25900d524eaabdbbb96d20b4311e1e7ae1699af4fb28c17ae66c80d798a"

[[package]]
name = "windows-link"
version = "0.2.1"
source = "registry+https://github.com/rust-lang/crates.io-index"
checksum = "f0805222e57f7521d6a62e36fa9163bc891acd422f971defe97d64e70d0a4fe5"

[[package]]
name = "windows-numerics"
version = "0.2.0"
source = "registry+https://github.com/rust-lang/crates.io-index"
checksum = "9150af68066c4c5c07ddc0ce30421554771e528bde427614c61038bc2c92c2b1"
dependencies = [
 "windows-core 0.61.2",
 "windows-link 0.1.3",
]

[[package]]
name = "windows-result"
version = "0.3.4"
source = "registry+https://github.com/rust-lang/crates.io-index"
checksum = "56f42bd332cc6c8eac5af113fc0c1fd6a8fd2aa08a0119358686e5160d0586c6"
dependencies = [
 "windows-link 0.1.3",
]

[[package]]
name = "windows-result"
version = "0.4.1"
source = "registry+https://github.com/rust-lang/crates.io-index"
checksum = "7781fa89eaf60850ac3d2da7af8e5242a5ea78d1a11c49bf2910bb5a73853eb5"
dependencies = [
 "windows-link 0.2.1",
]

[[package]]
name = "windows-strings"
version = "0.4.2"
source = "registry+https://github.com/rust-lang/crates.io-index"
checksum = "56e6c93f3a0c3b36176cb1327a4958a0353d5d166c2a35cb268ace15e91d3b57"
dependencies = [
 "windows-link 0.1.3",
]

[[package]]
name = "windows-strings"
version = "0.5.1"
source = "registry+https://github.com/rust-lang/crates.io-index"
checksum = "7837d08f69c77cf6b07689544538e017c1bfcf57e34b4c0ff58e6c2cd3b37091"
dependencies = [
 "windows-link 0.2.1",
]

[[package]]
name = "windows-sys"
version = "0.61.2"
source = "registry+https://github.com/rust-lang/crates.io-index"
checksum = "ae137229bcbd6cdf0f7b80a31df61766145077ddf49416a728b02cb3921ff3fc"
dependencies = [
 "windows-link 0.2.1",
]

[[package]]
name = "windows-threading"
version = "0.1.0"
source = "registry+https://github.com/rust-lang/crates.io-index"
checksum = "b66463ad2e0ea3bbf808b7f1d371311c80e115c0b71d60efc142cafbcfb057a6"
dependencies = [
 "windows-link 0.1.3",
]

[[package]]
name = "wit-bindgen"
version = "0.57.1"
source = "registry+https://github.com/rust-lang/crates.io-index"
checksum = "1ebf944e87a7c253233ad6766e082e3cd714b5d03812acc24c318f549614536e"

[[package]]
name = "zerocopy"
version = "0.8.49"
source = "registry+https://github.com/rust-lang/crates.io-index"
checksum = "bce33a6288fa3f072a8c2c7d0f2fdbb90e28298f0135c1f99b96c3db2efcc60b"
dependencies = [
 "zerocopy-derive",
]

[[package]]
name = "zerocopy-derive"
version = "0.8.49"
source = "registry+https://github.com/rust-lang/crates.io-index"
checksum = "8fd425244944f4ab65ccff928e7323354c5a018c75838362fdce749dfad2ee1e"
dependencies = [
 "proc-macro2",
 "quote",
 "syn",
]

[[package]]
name = "zip"
version = "2.4.2"
source = "registry+https://github.com/rust-lang/crates.io-index"
checksum = "fabe6324e908f85a1c52063ce7aa26b68dcb7eb6dbc83a2d148403c9bc3eba50"
dependencies = [
 "arbitrary",
 "crc32fast",
 "crossbeam-utils",
 "displaydoc",
 "flate2",
 "indexmap 2.14.0",
 "memchr",
 "thiserror",
 "zopfli",
]

[[package]]
name = "zmij"
version = "1.0.21"
source = "registry+https://github.com/rust-lang/crates.io-index"
checksum = "b8848ee67ecc8aedbaf3e4122217aff892639231befc6a1b58d29fff4c2cabaa"

[[package]]
name = "zopfli"
version = "0.8.3"
source = "registry+https://github.com/rust-lang/crates.io-index"
checksum = "f05cd8797d63865425ff89b5c4a48804f35ba0ce8d125800027ad6017d2b5249"
dependencies = [
 "bumpalo",
 "crc32fast",
 "log",
 "simd-adler32",
]

[[package]]
name = "zune-core"
version = "0.5.1"
source = "registry+https://github.com/rust-lang/crates.io-index"
checksum = "cb8a0807f7c01457d0379ba880ba6322660448ddebc890ce29bb64da71fb40f9"

[[package]]
name = "zune-jpeg"
version = "0.5.15"
source = "registry+https://github.com/rust-lang/crates.io-index"
checksum = "27bc9d5b815bc103f142aa054f561d9187d191692ec7c2d1e2b4737f8dbd7296"
dependencies = [
 "zune-core",
]
